
Microsoft Visual Studio Solution File, Format Version 12.00
# Visual Studio Version 16
VisualStudioVersion = 16.0.29609.76
MinimumVisualStudioVersion = 10.0.40219.1
Project("{8BC9CEB8-8B4A-11D0-8D11-00A0C91BC942}") = "TestGame", "TestGame\TestGame.vcxproj", "{BF10A474-ABDD-FE7F-D4F6-EC27C022340E}"
EndProject
Project("{2150E333-8FDC-42A3-9474-1A3956D46DE8}") = "Dependencies", "Dependencies", "{53E47842-3FC8-3998-A828-34EB942B241A}"
EndProject
Project("{8BC9CEB8-8B4A-11D0-8D11-00A0C91BC942}") = "GLFW", "Muse\vendor\GLFW\GLFW.vcxproj", "{154B857C-0182-860D-AA6E-6C109684020F}"
EndProject
Project("{8BC9CEB8-8B4A-11D0-8D11-00A0C91BC942}") = "Glad", "Muse\vendor\Glad\Glad.vcxproj", "{BDD6857C-A90D-870D-52FA-6C103E10030F}"
EndProject
Project("{8BC9CEB8-8B4A-11D0-8D11-00A0C91BC942}") = "ImGui", "Muse\vendor\imgui\ImGui.vcxproj", "{C0FF640D-2C14-8DBE-F595-301E616989EF}"
EndProject
Project("{8BC9CEB8-8B4A-11D0-8D11-00A0C91BC942}") = "Muse", "Muse\Muse.vcxproj", "{9F49897C-8B80-8A0D-346D-70102083060F}"
EndProject
Global
	GlobalSection(SolutionConfigurationPlatforms) = preSolution
		Debug|x64 = Debug|x64
		Debug|x86 = Debug|x86
		Dist|x64 = Dist|x64
		Dist|x86 = Dist|x86
		Release|x64 = Release|x64
		Release|x86 = Release|x86
	EndGlobalSection
	GlobalSection(ProjectConfigurationPlatforms) = postSolution
		{BF10A474-ABDD-FE7F-D4F6-EC27C022340E}.Debug|x64.ActiveCfg = Debug|x64
		{BF10A474-ABDD-FE7F-D4F6-EC27C022340E}.Debug|x64.Build.0 = Debug|x64
		{BF10A474-ABDD-FE7F-D4F6-EC27C022340E}.Debug|x86.ActiveCfg = Debug|x64
		{BF10A474-ABDD-FE7F-D4F6-EC27C022340E}.Dist|x64.ActiveCfg = Dist|x64
		{BF10A474-ABDD-FE7F-D4F6-EC27C022340E}.Dist|x64.Build.0 = Dist|x64
		{BF10A474-ABDD-FE7F-D4F6-EC27C022340E}.Dist|x86.ActiveCfg = Dist|x64
		{BF10A474-ABDD-FE7F-D4F6-EC27C022340E}.Release|x64.ActiveCfg = Release|x64
		{BF10A474-ABDD-FE7F-D4F6-EC27C022340E}.Release|x64.Build.0 = Release|x64
		{BF10A474-ABDD-FE7F-D4F6-EC27C022340E}.Release|x86.ActiveCfg = Release|x64
		{154B857C-0182-860D-AA6E-6C109684020F}.Debug|x64.ActiveCfg = Debug|x64
		{154B857C-0182-860D-AA6E-6C109684020F}.Debug|x64.Build.0 = Debug|x64
		{154B857C-0182-860D-AA6E-6C109684020F}.Debug|x86.ActiveCfg = Debug|x64
		{154B857C-0182-860D-AA6E-6C109684020F}.Dist|x64.ActiveCfg = Dist|x64
		{154B857C-0182-860D-AA6E-6C109684020F}.Dist|x64.Build.0 = Dist|x64
		{154B857C-0182-860D-AA6E-6C109684020F}.Dist|x86.ActiveCfg = Dist|x64
		{154B857C-0182-860D-AA6E-6C109684020F}.Release|x64.ActiveCfg = Release|x64
		{154B857C-0182-860D-AA6E-6C109684020F}.Release|x64.Build.0 = Release|x64
		{154B857C-0182-860D-AA6E-6C109684020F}.Release|x86.ActiveCfg = Release|x64
		{BDD6857C-A90D-870D-52FA-6C103E10030F}.Debug|x64.ActiveCfg = Debug|x64
		{BDD6857C-A90D-870D-52FA-6C103E10030F}.Debug|x64.Build.0 = Debug|x64
		{BDD6857C-A90D-870D-52FA-6C103E10030F}.Debug|x86.ActiveCfg = Debug|x64
		{BDD6857C-A90D-870D-52FA-6C103E10030F}.Dist|x64.ActiveCfg = Dist|x64
		{BDD6857C-A90D-870D-52FA-6C103E10030F}.Dist|x64.Build.0 = Dist|x64
		{BDD6857C-A90D-870D-52FA-6C103E10030F}.Dist|x86.ActiveCfg = Dist|x64
		{BDD6857C-A90D-870D-52FA-6C103E10030F}.Release|x64.ActiveCfg = Release|x64
		{BDD6857C-A90D-870D-52FA-6C103E10030F}.Release|x64.Build.0 = Release|x64
		{BDD6857C-A90D-870D-52FA-6C103E10030F}.Release|x86.ActiveCfg = Release|x64
		{C0FF640D-2C14-8DBE-F595-301E616989EF}.Debug|x64.ActiveCfg = Debug|x64
		{C0FF640D-2C14-8DBE-F595-301E616989EF}.Debug|x64.Build.0 = Debug|x64
		{C0FF640D-2C14-8DBE-F595-301E616989EF}.Debug|x86.ActiveCfg = Debug|x64
		{C0FF640D-2C14-8DBE-F595-301E616989EF}.Dist|x64.ActiveCfg = Dist|x64
		{C0FF640D-2C14-8DBE-F595-301E616989EF}.Dist|x64.Build.0 = Dist|x64
		{C0FF640D-2C14-8DBE-F595-301E616989EF}.Dist|x86.ActiveCfg = Dist|x64
		{C0FF640D-2C14-8DBE-F595-301E616989EF}.Release|x64.ActiveCfg = Release|x64
		{C0FF640D-2C14-8DBE-F595-301E616989EF}.Release|x64.Build.0 = Release|x64
		{C0FF640D-2C14-8DBE-F595-301E616989EF}.Release|x86.ActiveCfg = Release|x64
		{9F49897C-8B80-8A0D-346D-70102083060F}.Debug|x64.ActiveCfg = Debug|x64
		{9F49897C-8B80-8A0D-346D-70102083060F}.Debug|x64.Build.0 = Debug|x64
		{9F49897C-8B80-8A0D-346D-70102083060F}.Debug|x86.ActiveCfg = Debug|x64
		{9F49897C-8B80-8A0D-346D-70102083060F}.Dist|x64.ActiveCfg = Dist|x64
		{9F49897C-8B80-8A0D-346D-70102083060F}.Dist|x64.Build.0 = Dist|x64
		{9F49897C-8B80-8A0D-346D-70102083060F}.Dist|x86.ActiveCfg = Dist|x64
		{9F49897C-8B80-8A0D-346D-70102083060F}.Release|x64.ActiveCfg = Release|x64
		{9F49897C-8B80-8A0D-346D-70102083060F}.Release|x64.Build.0 = Release|x64
		{9F49897C-8B80-8A0D-346D-70102083060F}.Release|x86.ActiveCfg = Release|x64
	EndGlobalSection
	GlobalSection(SolutionProperties) = preSolution
		HideSolutionNode = FALSE
	EndGlobalSection
	GlobalSection(NestedProjects) = preSolution
		{154B857C-0182-860D-AA6E-6C109684020F} = {53E47842-3FC8-3998-A828-34EB942B241A}
		{BDD6857C-A90D-870D-52FA-6C103E10030F} = {53E47842-3FC8-3998-A828-34EB942B241A}
		{C0FF640D-2C14-8DBE-F595-301E616989EF} = {53E47842-3FC8-3998-A828-34EB942B241A}
	EndGlobalSection
	GlobalSection(ExtensibilityGlobals) = postSolution
		SolutionGuid = {ACC147CF-CA5D-4D15-BB5F-61D27A0445A4}
	EndGlobalSection
EndGlobal
